{
  "name": "server",
  "version": "1.0.0",
  "lockfileVersion": 2,
  "requires": true,
  "packages": {
    "": {
      "version": "1.0.0",
      "license": "ISC",
      "dependencies": {
        "cookie-parser": "^1.4.5",
        "express": "^4.17.1",
        "express-ws": "^4.0.0",
        "http-proxy": "^1.18.1",
        "jdam-utils": "file:../jdam-utils",
        "mime-type": "^4.0.0",
        "mime-types": "file:../mime-types",
        "mongodb": "^3.6.5",
        "ws": "^5.2.2"
      }
    },
    "../bimap": {
      "version": "1.0.0",
      "extraneous": true,
      "license": "ISC"
    },
    "../jdam-utils": {
      "version": "1.0.0",
      "license": "ISC"
    },
    "../mime-types": {
      "version": "1.0.0",
      "license": "ISC",
      "dependencies": {
        "mime-types": "^2.1.31"
      }
    },
    "node_modules/accepts": {
      "version": "1.3.7",
      "license": "MIT",
      "dependencies": {
        "mime-types": "~2.1.24",
        "negotiator": "0.6.2"
      },
      "engines": {
        "node": ">= 0.6"
      }
    },
    "node_modules/accepts/node_modules/mime-types": {
      "version": "2.1.31",
      "resolved": "https://registry.npmjs.org/mime-types/-/mime-types-2.1.31.tgz",
      "integrity": "sha512-XGZnNzm3QvgKxa8dpzyhFTHmpP3l5YNusmne07VUOXxou9CqUqYa/HBy124RqtVh/O2pECas/MOcsDgpilPOPg==",
      "dependencies": {
        "mime-db": "1.48.0"
      },
      "engines": {
        "node": ">= 0.6"
      }
    },
    "node_modules/array-flatten": {
      "version": "1.1.1",
      "license": "MIT"
    },
    "node_modules/async-limiter": {
      "version": "1.0.1",
      "license": "MIT"
    },
    "node_modules/bl": {
      "version": "2.2.1",
      "license": "MIT",
      "dependencies": {
        "readable-stream": "^2.3.5",
        "safe-buffer": "^5.1.1"
      }
    },
    "node_modules/body-parser": {
      "version": "1.19.0",
      "license": "MIT",
      "dependencies": {
        "bytes": "3.1.0",
        "content-type": "~1.0.4",
        "debug": "2.6.9",
        "depd": "~1.1.2",
        "http-errors": "1.7.2",
        "iconv-lite": "0.4.24",
        "on-finished": "~2.3.0",
        "qs": "6.7.0",
        "raw-body": "2.4.0",
        "type-is": "~1.6.17"
      },
      "engines": {
        "node": ">= 0.8"
      }
    },
    "node_modules/braces": {
      "version": "3.0.2",
      "resolved": "https://registry.npmjs.org/braces/-/braces-3.0.2.tgz",
      "integrity": "sha512-b8um+L1RzM3WDSzvhm6gIz1yfTbBt6YTlcEKAvsmqCZZFw46z626lVj9j1yEPW33H5H+lBQpZMP1k8l+78Ha0A==",
      "dependencies": {
        "fill-range": "^7.0.1"
      },
      "engines": {
        "node": ">=8"
      }
    },
    "node_modules/bson": {
      "version": "1.1.6",
      "license": "Apache-2.0",
      "engines": {
        "node": ">=0.6.19"
      }
    },
    "node_modules/bytes": {
      "version": "3.1.0",
      "license": "MIT",
      "engines": {
        "node": ">= 0.8"
      }
    },
    "node_modules/content-disposition": {
      "version": "0.5.3",
      "license": "MIT",
      "dependencies": {
        "safe-buffer": "5.1.2"
      },
      "engines": {
        "node": ">= 0.6"
      }
    },
    "node_modules/content-type": {
      "version": "1.0.4",
      "license": "MIT",
      "engines": {
        "node": ">= 0.6"
      }
    },
    "node_modules/cookie": {
      "version": "0.4.0",
      "license": "MIT",
      "engines": {
        "node": ">= 0.6"
      }
    },
    "node_modules/cookie-parser": {
      "version": "1.4.5",
      "license": "MIT",
      "dependencies": {
        "cookie": "0.4.0",
        "cookie-signature": "1.0.6"
      },
      "engines": {
        "node": ">= 0.8.0"
      }
    },
    "node_modules/cookie-signature": {
      "version": "1.0.6",
      "license": "MIT"
    },
    "node_modules/core-util-is": {
      "version": "1.0.2",
      "license": "MIT"
    },
    "node_modules/debug": {
      "version": "2.6.9",
      "license": "MIT",
      "dependencies": {
        "ms": "2.0.0"
      }
    },
    "node_modules/denque": {
      "version": "1.5.0",
      "license": "Apache-2.0",
      "engines": {
        "node": ">=0.10"
      }
    },
    "node_modules/depd": {
      "version": "1.1.2",
      "license": "MIT",
      "engines": {
        "node": ">= 0.6"
      }
    },
    "node_modules/destroy": {
      "version": "1.0.4",
      "license": "MIT"
    },
    "node_modules/ee-first": {
      "version": "1.1.1",
      "license": "MIT"
    },
    "node_modules/encodeurl": {
      "version": "1.0.2",
      "license": "MIT",
      "engines": {
        "node": ">= 0.8"
      }
    },
    "node_modules/escape-html": {
      "version": "1.0.3",
      "license": "MIT"
    },
    "node_modules/escape-string-regexp": {
      "version": "1.0.5",
      "resolved": "https://registry.npmjs.org/escape-string-regexp/-/escape-string-regexp-1.0.5.tgz",
      "integrity": "sha1-G2HAViGQqN/2rjuyzwIAyhMLhtQ=",
      "engines": {
        "node": ">=0.8.0"
      }
    },
    "node_modules/etag": {
      "version": "1.8.1",
      "license": "MIT",
      "engines": {
        "node": ">= 0.6"
      }
    },
    "node_modules/eventemitter3": {
      "version": "4.0.7",
      "license": "MIT"
    },
    "node_modules/express": {
      "version": "4.17.1",
      "license": "MIT",
      "dependencies": {
        "accepts": "~1.3.7",
        "array-flatten": "1.1.1",
        "body-parser": "1.19.0",
        "content-disposition": "0.5.3",
        "content-type": "~1.0.4",
        "cookie": "0.4.0",
        "cookie-signature": "1.0.6",
        "debug": "2.6.9",
        "depd": "~1.1.2",
        "encodeurl": "~1.0.2",
        "escape-html": "~1.0.3",
        "etag": "~1.8.1",
        "finalhandler": "~1.1.2",
        "fresh": "0.5.2",
        "merge-descriptors": "1.0.1",
        "methods": "~1.1.2",
        "on-finished": "~2.3.0",
        "parseurl": "~1.3.3",
        "path-to-regexp": "0.1.7",
        "proxy-addr": "~2.0.5",
        "qs": "6.7.0",
        "range-parser": "~1.2.1",
        "safe-buffer": "5.1.2",
        "send": "0.17.1",
        "serve-static": "1.14.1",
        "setprototypeof": "1.1.1",
        "statuses": "~1.5.0",
        "type-is": "~1.6.18",
        "utils-merge": "1.0.1",
        "vary": "~1.1.2"
      },
      "engines": {
        "node": ">= 0.10.0"
      }
    },
    "node_modules/express-ws": {
      "version": "4.0.0",
      "license": "BSD-2-Clause",
      "dependencies": {
        "ws": "^5.2.0"
      },
      "engines": {
        "node": ">=4.5.0"
      },
      "peerDependencies": {
        "express": "^4.0.0 || ^5.0.0-alpha.1"
      }
    },
    "node_modules/fill-range": {
      "version": "7.0.1",
      "resolved": "https://registry.npmjs.org/fill-range/-/fill-range-7.0.1.tgz",
      "integrity": "sha512-qOo9F+dMUmC2Lcb4BbVvnKJxTPjCm+RRpe4gDuGrzkL7mEVl/djYSu2OdQ2Pa302N4oqkSg9ir6jaLWJ2USVpQ==",
      "dependencies": {
        "to-regex-range": "^5.0.1"
      },
      "engines": {
        "node": ">=8"
      }
    },
    "node_modules/finalhandler": {
      "version": "1.1.2",
      "license": "MIT",
      "dependencies": {
        "debug": "2.6.9",
        "encodeurl": "~1.0.2",
        "escape-html": "~1.0.3",
        "on-finished": "~2.3.0",
        "parseurl": "~1.3.3",
        "statuses": "~1.5.0",
        "unpipe": "~1.0.0"
      },
      "engines": {
        "node": ">= 0.8"
      }
    },
    "node_modules/follow-redirects": {
      "version": "1.13.3",
      "funding": [
        {
          "type": "individual",
          "url": "https://github.com/sponsors/RubenVerborgh"
        }
      ],
      "license": "MIT",
      "engines": {
        "node": ">=4.0"
      },
      "peerDependenciesMeta": {
        "debug": {
          "optional": true
        }
      }
    },
    "node_modules/forwarded": {
      "version": "0.1.2",
      "license": "MIT",
      "engines": {
        "node": ">= 0.6"
      }
    },
    "node_modules/fresh": {
      "version": "0.5.2",
      "license": "MIT",
      "engines": {
        "node": ">= 0.6"
      }
    },
    "node_modules/http-errors": {
      "version": "1.7.2",
      "license": "MIT",
      "dependencies": {
        "depd": "~1.1.2",
        "inherits": "2.0.3",
        "setprototypeof": "1.1.1",
        "statuses": ">= 1.5.0 < 2",
        "toidentifier": "1.0.0"
      },
      "engines": {
        "node": ">= 0.6"
      }
    },
    "node_modules/http-proxy": {
      "version": "1.18.1",
      "license": "MIT",
      "dependencies": {
        "eventemitter3": "^4.0.0",
        "follow-redirects": "^1.0.0",
        "requires-port": "^1.0.0"
      },
      "engines": {
        "node": ">=8.0.0"
      }
    },
    "node_modules/iconv-lite": {
      "version": "0.4.24",
      "license": "MIT",
      "dependencies": {
        "safer-buffer": ">= 2.1.2 < 3"
      },
      "engines": {
        "node": ">=0.10.0"
      }
    },
    "node_modules/inherits": {
      "version": "2.0.3",
      "license": "ISC"
    },
    "node_modules/inherits-ex": {
      "version": "1.3.5",
      "resolved": "https://registry.npmjs.org/inherits-ex/-/inherits-ex-1.3.5.tgz",
      "integrity": "sha512-AQfnshKJLLn2h0SSjJYzF/xTnSOf/hYJ2v/V7+1dAS13cN2RWwcqmCxnivi9RTDidMcmsMxelTIBHOi87ZVlsQ=="
    },
    "node_modules/ipaddr.js": {
      "version": "1.9.1",
      "license": "MIT",
      "engines": {
        "node": ">= 0.10"
      }
    },
    "node_modules/is-number": {
      "version": "7.0.0",
      "resolved": "https://registry.npmjs.org/is-number/-/is-number-7.0.0.tgz",
      "integrity": "sha512-41Cifkg6e8TylSpdtTpeLVMqvSBEVzTttHvERD741+pnZ8ANv0004MRL43QKPDlK9cGvNp6NZWZUBlbGXYxxng==",
      "engines": {
        "node": ">=0.12.0"
      }
    },
    "node_modules/isarray": {
      "version": "1.0.0",
      "license": "MIT"
    },
    "node_modules/jdam-utils": {
      "resolved": "../jdam-utils",
      "link": true
    },
    "node_modules/media-typer": {
      "version": "0.3.0",
      "license": "MIT",
      "engines": {
        "node": ">= 0.6"
      }
    },
    "node_modules/memory-pager": {
      "version": "1.5.0",
      "license": "MIT",
      "optional": true
    },
    "node_modules/merge-descriptors": {
      "version": "1.0.1",
      "license": "MIT"
    },
    "node_modules/methods": {
      "version": "1.1.2",
      "license": "MIT",
      "engines": {
        "node": ">= 0.6"
      }
    },
    "node_modules/micromatch": {
      "version": "4.0.4",
      "resolved": "https://registry.npmjs.org/micromatch/-/micromatch-4.0.4.tgz",
      "integrity": "sha512-pRmzw/XUcwXGpD9aI9q/0XOwLNygjETJ8y0ao0wdqprrzDa4YnxLcz7fQRZr8voh8V10kGhABbNcHVk5wHgWwg==",
      "dependencies": {
        "braces": "^3.0.1",
        "picomatch": "^2.2.3"
      },
      "engines": {
        "node": ">=8.6"
      }
    },
    "node_modules/mime": {
      "version": "1.6.0",
      "license": "MIT",
      "bin": {
        "mime": "cli.js"
      },
      "engines": {
        "node": ">=4"
      }
    },
    "node_modules/mime-db": {
      "version": "1.48.0",
      "resolved": "https://registry.npmjs.org/mime-db/-/mime-db-1.48.0.tgz",
      "integrity": "sha512-FM3QwxV+TnZYQ2aRqhlKBMHxk10lTbMt3bBkMAp54ddrNeVSfcQYOOKuGuy3Ddrm38I04If834fOUSq1yzslJQ==",
      "engines": {
        "node": ">= 0.6"
      }
    },
    "node_modules/mime-type": {
      "version": "4.0.0",
      "resolved": "https://registry.npmjs.org/mime-type/-/mime-type-4.0.0.tgz",
      "integrity": "sha512-1FCc9fsTg44pd7koB486WEepve+sc4847F0USUf08j4+bAU6/9ckIq4kHVEhCxbxHCyUZy++dxx/PtSR/m4XBQ==",
      "dependencies": {
        "micromatch": "^4.0.2",
        "path.js": "^1.0.7",
        "util-ex": "^0.3.15"
      },
      "engines": {
        "node": ">= 8.6"
      }
    },
    "node_modules/mime-types": {
      "resolved": "../mime-types",
      "link": true
    },
    "node_modules/mongodb": {
      "version": "3.6.5",
      "license": "Apache-2.0",
      "dependencies": {
        "bl": "^2.2.1",
        "bson": "^1.1.4",
        "denque": "^1.4.1",
        "require_optional": "^1.0.1",
        "safe-buffer": "^5.1.2"
      },
      "engines": {
        "node": ">=4"
      },
      "optionalDependencies": {
        "saslprep": "^1.0.0"
      },
      "peerDependenciesMeta": {
        "aws4": {
          "optional": true
        },
        "bson-ext": {
          "optional": true
        },
        "kerberos": {
          "optional": true
        },
        "mongodb-client-encryption": {
          "optional": true
        },
        "mongodb-extjson": {
          "optional": true
        },
        "snappy": {
          "optional": true
        }
      }
    },
    "node_modules/ms": {
      "version": "2.0.0",
      "license": "MIT"
    },
    "node_modules/negotiator": {
      "version": "0.6.2",
      "license": "MIT",
      "engines": {
        "node": ">= 0.6"
      }
    },
    "node_modules/on-finished": {
      "version": "2.3.0",
      "license": "MIT",
      "dependencies": {
        "ee-first": "1.1.1"
      },
      "engines": {
        "node": ">= 0.8"
      }
    },
    "node_modules/parseurl": {
      "version": "1.3.3",
      "license": "MIT",
      "engines": {
        "node": ">= 0.8"
      }
    },
    "node_modules/path-to-regexp": {
      "version": "0.1.7",
      "license": "MIT"
    },
    "node_modules/path.js": {
      "version": "1.0.7",
      "resolved": "https://registry.npmjs.org/path.js/-/path.js-1.0.7.tgz",
      "integrity": "sha1-fRNrYH3hm/2YugaIdJJih+ZTSTk=",
      "dependencies": {
        "escape-string-regexp": "^1.0.3",
        "inherits-ex": "^1.1.2",
        "util-ex": "^0.3.10"
      }
    },
    "node_modules/picomatch": {
      "version": "2.3.0",
      "resolved": "https://registry.npmjs.org/picomatch/-/picomatch-2.3.0.tgz",
      "integrity": "sha512-lY1Q/PiJGC2zOv/z391WOTD+Z02bCgsFfvxoXXf6h7kv9o+WmsmzYqrAwY63sNgOxE4xEdq0WyUnXfKeBrSvYw==",
      "engines": {
        "node": ">=8.6"
      },
      "funding": {
        "url": "https://github.com/sponsors/jonschlinkert"
      }
    },
    "node_modules/process-nextick-args": {
      "version": "2.0.1",
      "license": "MIT"
    },
    "node_modules/proxy-addr": {
      "version": "2.0.6",
      "license": "MIT",
      "dependencies": {
        "forwarded": "~0.1.2",
        "ipaddr.js": "1.9.1"
      },
      "engines": {
        "node": ">= 0.10"
      }
    },
    "node_modules/qs": {
      "version": "6.7.0",
      "license": "BSD-3-Clause",
      "engines": {
        "node": ">=0.6"
      }
    },
    "node_modules/range-parser": {
      "version": "1.2.1",
      "license": "MIT",
      "engines": {
        "node": ">= 0.6"
      }
    },
    "node_modules/raw-body": {
      "version": "2.4.0",
      "license": "MIT",
      "dependencies": {
        "bytes": "3.1.0",
        "http-errors": "1.7.2",
        "iconv-lite": "0.4.24",
        "unpipe": "1.0.0"
      },
      "engines": {
        "node": ">= 0.8"
      }
    },
    "node_modules/readable-stream": {
      "version": "2.3.7",
      "license": "MIT",
      "dependencies": {
        "core-util-is": "~1.0.0",
        "inherits": "~2.0.3",
        "isarray": "~1.0.0",
        "process-nextick-args": "~2.0.0",
        "safe-buffer": "~5.1.1",
        "string_decoder": "~1.1.1",
        "util-deprecate": "~1.0.1"
      }
    },
    "node_modules/require_optional": {
      "version": "1.0.1",
      "license": "Apache-2.0",
      "dependencies": {
        "resolve-from": "^2.0.0",
        "semver": "^5.1.0"
      }
    },
    "node_modules/requires-port": {
      "version": "1.0.0",
      "license": "MIT"
    },
    "node_modules/resolve-from": {
      "version": "2.0.0",
      "license": "MIT",
      "engines": {
        "node": ">=0.10.0"
      }
    },
    "node_modules/safe-buffer": {
      "version": "5.1.2",
      "license": "MIT"
    },
    "node_modules/safer-buffer": {
      "version": "2.1.2",
      "license": "MIT"
    },
    "node_modules/saslprep": {
      "version": "1.0.3",
      "license": "MIT",
      "optional": true,
      "dependencies": {
        "sparse-bitfield": "^3.0.3"
      },
      "engines": {
        "node": ">=6"
      }
    },
    "node_modules/semver": {
      "version": "5.7.1",
      "license": "ISC",
      "bin": {
        "semver": "bin/semver"
      }
    },
    "node_modules/send": {
      "version": "0.17.1",
      "license": "MIT",
      "dependencies": {
        "debug": "2.6.9",
        "depd": "~1.1.2",
        "destroy": "~1.0.4",
        "encodeurl": "~1.0.2",
        "escape-html": "~1.0.3",
        "etag": "~1.8.1",
        "fresh": "0.5.2",
        "http-errors": "~1.7.2",
        "mime": "1.6.0",
        "ms": "2.1.1",
        "on-finished": "~2.3.0",
        "range-parser": "~1.2.1",
        "statuses": "~1.5.0"
      },
      "engines": {
        "node": ">= 0.8.0"
      }
    },
    "node_modules/send/node_modules/ms": {
      "version": "2.1.1",
      "license": "MIT"
    },
    "node_modules/serve-static": {
      "version": "1.14.1",
      "license": "MIT",
      "dependencies": {
        "encodeurl": "~1.0.2",
        "escape-html": "~1.0.3",
        "parseurl": "~1.3.3",
        "send": "0.17.1"
      },
      "engines": {
        "node": ">= 0.8.0"
      }
    },
    "node_modules/setprototypeof": {
      "version": "1.1.1",
      "license": "ISC"
    },
    "node_modules/sparse-bitfield": {
      "version": "3.0.3",
      "license": "MIT",
      "optional": true,
      "dependencies": {
        "memory-pager": "^1.0.2"
      }
    },
    "node_modules/statuses": {
      "version": "1.5.0",
      "license": "MIT",
      "engines": {
        "node": ">= 0.6"
      }
    },
    "node_modules/string_decoder": {
      "version": "1.1.1",
      "license": "MIT",
      "dependencies": {
        "safe-buffer": "~5.1.0"
      }
    },
    "node_modules/to-regex-range": {
      "version": "5.0.1",
      "resolved": "https://registry.npmjs.org/to-regex-range/-/to-regex-range-5.0.1.tgz",
      "integrity": "sha512-65P7iz6X5yEr1cwcgvQxbbIw7Uk3gOy5dIdtZ4rDveLqhrdJP+Li/Hx6tyK0NEb+2GCyneCMJiGqrADCSNk8sQ==",
      "dependencies": {
        "is-number": "^7.0.0"
      },
      "engines": {
        "node": ">=8.0"
      }
    },
    "node_modules/toidentifier": {
      "version": "1.0.0",
      "license": "MIT",
      "engines": {
        "node": ">=0.6"
      }
    },
    "node_modules/type-is": {
      "version": "1.6.18",
      "license": "MIT",
      "dependencies": {
        "media-typer": "0.3.0",
        "mime-types": "~2.1.24"
      },
      "engines": {
        "node": ">= 0.6"
      }
    },
    "node_modules/type-is/node_modules/mime-types": {
      "version": "2.1.31",
      "resolved": "https://registry.npmjs.org/mime-types/-/mime-types-2.1.31.tgz",
      "integrity": "sha512-XGZnNzm3QvgKxa8dpzyhFTHmpP3l5YNusmne07VUOXxou9CqUqYa/HBy124RqtVh/O2pECas/MOcsDgpilPOPg==",
      "dependencies": {
        "mime-db": "1.48.0"
      },
      "engines": {
        "node": ">= 0.6"
      }
    },
    "node_modules/unpipe": {
      "version": "1.0.0",
      "license": "MIT",
      "engines": {
        "node": ">= 0.8"
      }
    },
    "node_modules/util-deprecate": {
      "version": "1.0.2",
      "license": "MIT"
    },
    "node_modules/util-ex": {
      "version": "0.3.15",
      "resolved": "https://registry.npmjs.org/util-ex/-/util-ex-0.3.15.tgz",
      "integrity": "sha1-+SYc2hPEMn0HQMvme+Eife2LAFg=",
      "dependencies": {
        "inherits-ex": "^1.1.2",
        "xtend": "^4.0.0"
      }
    },
    "node_modules/utils-merge": {
      "version": "1.0.1",
      "license": "MIT",
      "engines": {
        "node": ">= 0.4.0"
      }
    },
    "node_modules/vary": {
      "version": "1.1.2",
      "license": "MIT",
      "engines": {
        "node": ">= 0.8"
      }
    },
    "node_modules/ws": {
      "version": "5.2.2",
      "license": "MIT",
      "dependencies": {
        "async-limiter": "~1.0.0"
      }
    },
    "node_modules/xtend": {
      "version": "4.0.2",
      "resolved": "https://registry.npmjs.org/xtend/-/xtend-4.0.2.tgz",
      "integrity": "sha512-LKYU1iAXJXUgAXn9URjiu+MWhyUXHsvfp7mcuYm9dSUKK0/CjtrUwFAxD82/mCWbtLsGjFIad0wIsod4zrTAEQ==",
      "engines": {
        "node": ">=0.4"
      }
    }
  },
  "dependencies": {
    "accepts": {
      "version": "1.3.7",
      "requires": {
        "mime-types": "~2.1.24",
        "negotiator": "0.6.2"
      },
      "dependencies": {
        "mime-types": {
          "version": "2.1.31",
          "resolved": "https://registry.npmjs.org/mime-types/-/mime-types-2.1.31.tgz",
          "integrity": "sha512-XGZnNzm3QvgKxa8dpzyhFTHmpP3l5YNusmne07VUOXxou9CqUqYa/HBy124RqtVh/O2pECas/MOcsDgpilPOPg==",
          "requires": {
            "mime-db": "1.48.0"
          }
        }
      }
    },
    "array-flatten": {
      "version": "1.1.1"
    },
    "async-limiter": {
      "version": "1.0.1"
    },
    "bl": {
      "version": "2.2.1",
      "requires": {
        "readable-stream": "^2.3.5",
        "safe-buffer": "^5.1.1"
      }
    },
    "body-parser": {
      "version": "1.19.0",
      "requires": {
        "bytes": "3.1.0",
        "content-type": "~1.0.4",
        "debug": "2.6.9",
        "depd": "~1.1.2",
        "http-errors": "1.7.2",
        "iconv-lite": "0.4.24",
        "on-finished": "~2.3.0",
        "qs": "6.7.0",
        "raw-body": "2.4.0",
        "type-is": "~1.6.17"
      }
    },
    "braces": {
      "version": "3.0.2",
      "resolved": "https://registry.npmjs.org/braces/-/braces-3.0.2.tgz",
      "integrity": "sha512-b8um+L1RzM3WDSzvhm6gIz1yfTbBt6YTlcEKAvsmqCZZFw46z626lVj9j1yEPW33H5H+lBQpZMP1k8l+78Ha0A==",
      "requires": {
        "fill-range": "^7.0.1"
      }
    },
    "bson": {
      "version": "1.1.6"
    },
    "bytes": {
      "version": "3.1.0"
    },
    "content-disposition": {
      "version": "0.5.3",
      "requires": {
        "safe-buffer": "5.1.2"
      }
    },
    "content-type": {
      "version": "1.0.4"
    },
    "cookie": {
      "version": "0.4.0"
    },
    "cookie-parser": {
      "version": "1.4.5",
      "requires": {
        "cookie": "0.4.0",
        "cookie-signature": "1.0.6"
      }
    },
    "cookie-signature": {
      "version": "1.0.6"
    },
    "core-util-is": {
      "version": "1.0.2"
    },
    "debug": {
      "version": "2.6.9",
      "requires": {
        "ms": "2.0.0"
      }
    },
    "denque": {
      "version": "1.5.0"
    },
    "depd": {
      "version": "1.1.2"
    },
    "destroy": {
      "version": "1.0.4"
    },
    "ee-first": {
      "version": "1.1.1"
    },
    "encodeurl": {
      "version": "1.0.2"
    },
    "escape-html": {
      "version": "1.0.3"
    },
    "escape-string-regexp": {
      "version": "1.0.5",
      "resolved": "https://registry.npmjs.org/escape-string-regexp/-/escape-string-regexp-1.0.5.tgz",
      "integrity": "sha1-G2HAViGQqN/2rjuyzwIAyhMLhtQ="
    },
    "etag": {
      "version": "1.8.1"
    },
    "eventemitter3": {
      "version": "4.0.7"
    },
    "express": {
      "version": "4.17.1",
      "requires": {
        "accepts": "~1.3.7",
        "array-flatten": "1.1.1",
        "body-parser": "1.19.0",
        "content-disposition": "0.5.3",
        "content-type": "~1.0.4",
        "cookie": "0.4.0",
        "cookie-signature": "1.0.6",
        "debug": "2.6.9",
        "depd": "~1.1.2",
        "encodeurl": "~1.0.2",
        "escape-html": "~1.0.3",
        "etag": "~1.8.1",
        "finalhandler": "~1.1.2",
        "fresh": "0.5.2",
        "merge-descriptors": "1.0.1",
        "methods": "~1.1.2",
        "on-finished": "~2.3.0",
        "parseurl": "~1.3.3",
        "path-to-regexp": "0.1.7",
        "proxy-addr": "~2.0.5",
        "qs": "6.7.0",
        "range-parser": "~1.2.1",
        "safe-buffer": "5.1.2",
        "send": "0.17.1",
        "serve-static": "1.14.1",
        "setprototypeof": "1.1.1",
        "statuses": "~1.5.0",
        "type-is": "~1.6.18",
        "utils-merge": "1.0.1",
        "vary": "~1.1.2"
      }
    },
    "express-ws": {
      "version": "4.0.0",
      "requires": {
        "ws": "^5.2.0"
      }
    },
    "fill-range": {
      "version": "7.0.1",
      "resolved": "https://registry.npmjs.org/fill-range/-/fill-range-7.0.1.tgz",
      "integrity": "sha512-qOo9F+dMUmC2Lcb4BbVvnKJxTPjCm+RRpe4gDuGrzkL7mEVl/djYSu2OdQ2Pa302N4oqkSg9ir6jaLWJ2USVpQ==",
      "requires": {
        "to-regex-range": "^5.0.1"
      }
    },
    "finalhandler": {
      "version": "1.1.2",
      "requires": {
        "debug": "2.6.9",
        "encodeurl": "~1.0.2",
        "escape-html": "~1.0.3",
        "on-finished": "~2.3.0",
        "parseurl": "~1.3.3",
        "statuses": "~1.5.0",
        "unpipe": "~1.0.0"
      }
    },
    "follow-redirects": {
      "version": "1.13.3"
    },
    "forwarded": {
      "version": "0.1.2"
    },
    "fresh": {
      "version": "0.5.2"
    },
    "http-errors": {
      "version": "1.7.2",
      "requires": {
        "depd": "~1.1.2",
        "inherits": "2.0.3",
        "setprototypeof": "1.1.1",
        "statuses": ">= 1.5.0 < 2",
        "toidentifier": "1.0.0"
      }
    },
    "http-proxy": {
      "version": "1.18.1",
      "requires": {
        "eventemitter3": "^4.0.0",
        "follow-redirects": "^1.0.0",
        "requires-port": "^1.0.0"
      }
    },
    "iconv-lite": {
      "version": "0.4.24",
      "requires": {
        "safer-buffer": ">= 2.1.2 < 3"
      }
    },
    "inherits": {
      "version": "2.0.3"
    },
    "inherits-ex": {
      "version": "1.3.5",
      "resolved": "https://registry.npmjs.org/inherits-ex/-/inherits-ex-1.3.5.tgz",
      "integrity": "sha512-AQfnshKJLLn2h0SSjJYzF/xTnSOf/hYJ2v/V7+1dAS13cN2RWwcqmCxnivi9RTDidMcmsMxelTIBHOi87ZVlsQ=="
    },
    "ipaddr.js": {
      "version": "1.9.1"
    },
    "is-number": {
      "version": "7.0.0",
      "resolved": "https://registry.npmjs.org/is-number/-/is-number-7.0.0.tgz",
      "integrity": "sha512-41Cifkg6e8TylSpdtTpeLVMqvSBEVzTttHvERD741+pnZ8ANv0004MRL43QKPDlK9cGvNp6NZWZUBlbGXYxxng=="
    },
    "isarray": {
      "version": "1.0.0"
    },
    "jdam-utils": {
      "version": "file:../jdam-utils"
    },
    "media-typer": {
      "version": "0.3.0"
    },
    "memory-pager": {
      "version": "1.5.0",
      "optional": true
    },
    "merge-descriptors": {
      "version": "1.0.1"
    },
    "methods": {
      "version": "1.1.2"
    },
    "micromatch": {
      "version": "4.0.4",
      "resolved": "https://registry.npmjs.org/micromatch/-/micromatch-4.0.4.tgz",
      "integrity": "sha512-pRmzw/XUcwXGpD9aI9q/0XOwLNygjETJ8y0ao0wdqprrzDa4YnxLcz7fQRZr8voh8V10kGhABbNcHVk5wHgWwg==",
      "requires": {
        "braces": "^3.0.1",
        "picomatch": "^2.2.3"
      }
    },
    "mime": {
      "version": "1.6.0"
    },
    "mime-db": {
      "version": "1.48.0",
      "resolved": "https://registry.npmjs.org/mime-db/-/mime-db-1.48.0.tgz",
      "integrity": "sha512-FM3QwxV+TnZYQ2aRqhlKBMHxk10lTbMt3bBkMAp54ddrNeVSfcQYOOKuGuy3Ddrm38I04If834fOUSq1yzslJQ=="
    },
    "mime-type": {
      "version": "4.0.0",
      "resolved": "https://registry.npmjs.org/mime-type/-/mime-type-4.0.0.tgz",
      "integrity": "sha512-1FCc9fsTg44pd7koB486WEepve+sc4847F0USUf08j4+bAU6/9ckIq4kHVEhCxbxHCyUZy++dxx/PtSR/m4XBQ==",
      "requires": {
        "micromatch": "^4.0.2",
        "path.js": "^1.0.7",
        "util-ex": "^0.3.15"
      }
    },
    "mime-types": {
      "version": "file:../mime-types",
      "requires": {
        "mime-types": "^2.1.31"
      }
    },
    "mongodb": {
      "version": "3.6.5",
      "requires": {
        "bl": "^2.2.1",
        "bson": "^1.1.4",
        "denque": "^1.4.1",
        "require_optional": "^1.0.1",
        "safe-buffer": "^5.1.2",
        "saslprep": "^1.0.0"
      }
    },
    "ms": {
      "version": "2.0.0"
    },
    "negotiator": {
      "version": "0.6.2"
    },
    "on-finished": {
      "version": "2.3.0",
      "requires": {
        "ee-first": "1.1.1"
      }
    },
    "parseurl": {
      "version": "1.3.3"
    },
    "path-to-regexp": {
      "version": "0.1.7"
    },
    "path.js": {
      "version": "1.0.7",
      "resolved": "https://registry.npmjs.org/path.js/-/path.js-1.0.7.tgz",
      "integrity": "sha1-fRNrYH3hm/2YugaIdJJih+ZTSTk=",
      "requires": {
        "escape-string-regexp": "^1.0.3",
        "inherits-ex": "^1.1.2",
        "util-ex": "^0.3.10"
      }
    },
    "picomatch": {
      "version": "2.3.0",
      "resolved": "https://registry.npmjs.org/picomatch/-/picomatch-2.3.0.tgz",
      "integrity": "sha512-lY1Q/PiJGC2zOv/z391WOTD+Z02bCgsFfvxoXXf6h7kv9o+WmsmzYqrAwY63sNgOxE4xEdq0WyUnXfKeBrSvYw=="
    },
    "process-nextick-args": {
      "version": "2.0.1"
    },
    "proxy-addr": {
      "version": "2.0.6",
      "requires": {
        "forwarded": "~0.1.2",
        "ipaddr.js": "1.9.1"
      }
    },
    "qs": {
      "version": "6.7.0"
    },
    "range-parser": {
      "version": "1.2.1"
    },
    "raw-body": {
      "version": "2.4.0",
      "requires": {
        "bytes": "3.1.0",
        "http-errors": "1.7.2",
        "iconv-lite": "0.4.24",
        "unpipe": "1.0.0"
      }
    },
    "readable-stream": {
      "version": "2.3.7",
      "requires": {
        "core-util-is": "~1.0.0",
        "inherits": "~2.0.3",
        "isarray": "~1.0.0",
        "process-nextick-args": "~2.0.0",
        "safe-buffer": "~5.1.1",
        "string_decoder": "~1.1.1",
        "util-deprecate": "~1.0.1"
      }
    },
    "require_optional": {
      "version": "1.0.1",
      "requires": {
        "resolve-from": "^2.0.0",
        "semver": "^5.1.0"
      }
    },
    "requires-port": {
      "version": "1.0.0"
    },
    "resolve-from": {
      "version": "2.0.0"
    },
    "safe-buffer": {
      "version": "5.1.2"
    },
    "safer-buffer": {
      "version": "2.1.2"
    },
    "saslprep": {
      "version": "1.0.3",
      "optional": true,
      "requires": {
        "sparse-bitfield": "^3.0.3"
      }
    },
    "semver": {
      "version": "5.7.1"
    },
    "send": {
      "version": "0.17.1",
      "requires": {
        "debug": "2.6.9",
        "depd": "~1.1.2",
        "destroy": "~1.0.4",
        "encodeurl": "~1.0.2",
        "escape-html": "~1.0.3",
        "etag": "~1.8.1",
        "fresh": "0.5.2",
        "http-errors": "~1.7.2",
        "mime": "1.6.0",
        "ms": "2.1.1",
        "on-finished": "~2.3.0",
        "range-parser": "~1.2.1",
        "statuses": "~1.5.0"
      },
      "dependencies": {
        "ms": {
          "version": "2.1.1"
        }
      }
    },
    "serve-static": {
      "version": "1.14.1",
      "requires": {
        "encodeurl": "~1.0.2",
        "escape-html": "~1.0.3",
        "parseurl": "~1.3.3",
        "send": "0.17.1"
      }
    },
    "setprototypeof": {
      "version": "1.1.1"
    },
    "sparse-bitfield": {
      "version": "3.0.3",
      "optional": true,
      "requires": {
        "memory-pager": "^1.0.2"
      }
    },
    "statuses": {
      "version": "1.5.0"
    },
    "string_decoder": {
      "version": "1.1.1",
      "requires": {
        "safe-buffer": "~5.1.0"
      }
    },
    "to-regex-range": {
      "version": "5.0.1",
      "resolved": "https://registry.npmjs.org/to-regex-range/-/to-regex-range-5.0.1.tgz",
      "integrity": "sha512-65P7iz6X5yEr1cwcgvQxbbIw7Uk3gOy5dIdtZ4rDveLqhrdJP+Li/Hx6tyK0NEb+2GCyneCMJiGqrADCSNk8sQ==",
      "requires": {
        "is-number": "^7.0.0"
      }
    },
    "toidentifier": {
      "version": "1.0.0"
    },
    "type-is": {
      "version": "1.6.18",
      "requires": {
        "media-typer": "0.3.0",
        "mime-types": "~2.1.24"
      },
      "dependencies": {
        "mime-types": {
          "version": "2.1.31",
          "resolved": "https://registry.npmjs.org/mime-types/-/mime-types-2.1.31.tgz",
          "integrity": "sha512-XGZnNzm3QvgKxa8dpzyhFTHmpP3l5YNusmne07VUOXxou9CqUqYa/HBy124RqtVh/O2pECas/MOcsDgpilPOPg==",
          "requires": {
            "mime-db": "1.48.0"
          }
        }
      }
    },
    "unpipe": {
      "version": "1.0.0"
    },
    "util-deprecate": {
      "version": "1.0.2"
    },
    "util-ex": {
      "version": "0.3.15",
      "resolved": "https://registry.npmjs.org/util-ex/-/util-ex-0.3.15.tgz",
      "integrity": "sha1-+SYc2hPEMn0HQMvme+Eife2LAFg=",
      "requires": {
        "inherits-ex": "^1.1.2",
        "xtend": "^4.0.0"
      }
    },
    "utils-merge": {
      "version": "1.0.1"
    },
    "vary": {
      "version": "1.1.2"
    },
    "ws": {
      "version": "5.2.2",
      "requires": {
        "async-limiter": "~1.0.0"
      }
    },
    "xtend": {
      "version": "4.0.2",
      "resolved": "https://registry.npmjs.org/xtend/-/xtend-4.0.2.tgz",
      "integrity": "sha512-LKYU1iAXJXUgAXn9URjiu+MWhyUXHsvfp7mcuYm9dSUKK0/CjtrUwFAxD82/mCWbtLsGjFIad0wIsod4zrTAEQ=="
    }
  }
}
