{
  "name": "ffmpeg",
  "version": "1.0.0",
  "lockfileVersion": 2,
  "requires": true,
  "packages": {
    "": {
      "version": "1.0.0",
      "license": "ISC",
      "dependencies": {
        "jdam-utils": "file:../jdam-utils",
        "mime-types": "file:../mime-types"
      }
    },
    "../jdam-utils": {
      "version": "1.0.0",
      "license": "ISC"
    },
    "../mime-types": {
      "version": "1.0.0",
      "license": "ISC",
      "dependencies": {
        "mime-types": "^2.1.31"
      }
    },
    "node_modules/jdam-utils": {
      "resolved": "../jdam-utils",
      "link": true
    },
    "node_modules/mime-types": {
      "resolved": "../mime-types",
      "link": true
    }
  },
  "dependencies": {
    "jdam-utils": {
      "version": "file:../jdam-utils"
    },
    "mime-types": {
      "version": "file:../mime-types",
      "requires": {
        "mime-types": "^2.1.31"
      }
    }
  }
}
